
Microsoft Visual Studio Solution File, Format Version 12.00
Project("{FAE04EC0-301F-11D3-BF4B-00C04F79EFBC}") = "CodeFirstCLI", "CodeFirstCLI.csproj", "{CAC30527-90D7-4FA5-ACBB-1F6D0D9CD7A5}"
EndProject
Global
	GlobalSection(SolutionConfigurationPlatforms) = preSolution
		Debug|Any CPU = Debug|Any CPU
		Release|Any CPU = Release|Any CPU
	EndGlobalSection
	GlobalSection(ProjectConfigurationPlatforms) = postSolution
		{CAC30527-90D7-4FA5-ACBB-1F6D0D9CD7A5}.Debug|Any CPU.ActiveCfg = Debug|Any CPU
		{CAC30527-90D7-4FA5-ACBB-1F6D0D9CD7A5}.Debug|Any CPU.Build.0 = Debug|Any CPU
		{CAC30527-90D7-4FA5-ACBB-1F6D0D9CD7A5}.Release|Any CPU.ActiveCfg = Release|Any CPU
		{CAC30527-90D7-4FA5-ACBB-1F6D0D9CD7A5}.Release|Any CPU.Build.0 = Release|Any CPU
	EndGlobalSection
EndGlobal
