
Microsoft Visual Studio Solution File, Format Version 12.00
# Visual Studio 15
VisualStudioVersion = 15.0.28307.421
MinimumVisualStudioVersion = 10.0.40219.1
Project("{FAE04EC0-301F-11D3-BF4B-00C04F79EFBC}") = "CarSimulator", "CarSimulator\CarSimulator.csproj", "{7DF19D72-4CA8-472D-A17B-AF87ACB36D40}"
EndProject
Global
	GlobalSection(SolutionConfigurationPlatforms) = preSolution
		Debug|Any CPU = Debug|Any CPU
		Release|Any CPU = Release|Any CPU
	EndGlobalSection
	GlobalSection(ProjectConfigurationPlatforms) = postSolution
		{7DF19D72-4CA8-472D-A17B-AF87ACB36D40}.Debug|Any CPU.ActiveCfg = Debug|Any CPU
		{7DF19D72-4CA8-472D-A17B-AF87ACB36D40}.Debug|Any CPU.Build.0 = Debug|Any CPU
		{7DF19D72-4CA8-472D-A17B-AF87ACB36D40}.Release|Any CPU.ActiveCfg = Release|Any CPU
		{7DF19D72-4CA8-472D-A17B-AF87ACB36D40}.Release|Any CPU.Build.0 = Release|Any CPU
	EndGlobalSection
	GlobalSection(SolutionProperties) = preSolution
		HideSolutionNode = FALSE
	EndGlobalSection
	GlobalSection(ExtensibilityGlobals) = postSolution
		SolutionGuid = {0D4F6729-74BA-4731-BDE5-5BCCDC6664C9}
	EndGlobalSection
EndGlobal
