
Microsoft Visual Studio Solution File, Format Version 12.00
# Visual Studio Version 16
VisualStudioVersion = 16.0.30002.166
MinimumVisualStudioVersion = 10.0.40219.1
Project("{FAE04EC0-301F-11D3-BF4B-00C04F79EFBC}") = "PostgreCodeFirst", "PostgreCodeFirst.csproj", "{871C987B-45C9-4893-A960-CCAAA22A300A}"
EndProject
Global
	GlobalSection(SolutionConfigurationPlatforms) = preSolution
		Debug|Any CPU = Debug|Any CPU
		Release|Any CPU = Release|Any CPU
	EndGlobalSection
	GlobalSection(ProjectConfigurationPlatforms) = postSolution
		{871C987B-45C9-4893-A960-CCAAA22A300A}.Debug|Any CPU.ActiveCfg = Debug|Any CPU
		{871C987B-45C9-4893-A960-CCAAA22A300A}.Debug|Any CPU.Build.0 = Debug|Any CPU
		{871C987B-45C9-4893-A960-CCAAA22A300A}.Release|Any CPU.ActiveCfg = Release|Any CPU
		{871C987B-45C9-4893-A960-CCAAA22A300A}.Release|Any CPU.Build.0 = Release|Any CPU
	EndGlobalSection
	GlobalSection(SolutionProperties) = preSolution
		HideSolutionNode = FALSE
	EndGlobalSection
	GlobalSection(ExtensibilityGlobals) = postSolution
		SolutionGuid = {2D38BF1D-C566-482A-A9CF-6F33A1DCF017}
	EndGlobalSection
EndGlobal
