
Microsoft Visual Studio Solution File, Format Version 12.00
# Visual Studio 15
VisualStudioVersion = 15.0.28307.421
MinimumVisualStudioVersion = 10.0.40219.1
Project("{FAE04EC0-301F-11D3-BF4B-00C04F79EFBC}") = "NumericalSystems", "NumericalSystems\NumericalSystems.csproj", "{CFF269D2-7E1E-4AF2-AF44-9F9508284234}"
EndProject
Global
	GlobalSection(SolutionConfigurationPlatforms) = preSolution
		Debug|Any CPU = Debug|Any CPU
		Release|Any CPU = Release|Any CPU
	EndGlobalSection
	GlobalSection(ProjectConfigurationPlatforms) = postSolution
		{CFF269D2-7E1E-4AF2-AF44-9F9508284234}.Debug|Any CPU.ActiveCfg = Debug|Any CPU
		{CFF269D2-7E1E-4AF2-AF44-9F9508284234}.Debug|Any CPU.Build.0 = Debug|Any CPU
		{CFF269D2-7E1E-4AF2-AF44-9F9508284234}.Release|Any CPU.ActiveCfg = Release|Any CPU
		{CFF269D2-7E1E-4AF2-AF44-9F9508284234}.Release|Any CPU.Build.0 = Release|Any CPU
	EndGlobalSection
	GlobalSection(SolutionProperties) = preSolution
		HideSolutionNode = FALSE
	EndGlobalSection
	GlobalSection(ExtensibilityGlobals) = postSolution
		SolutionGuid = {23B06D73-5C15-40F3-8986-BF624D51A2C6}
	EndGlobalSection
EndGlobal
