
Microsoft Visual Studio Solution File, Format Version 12.00
# Visual Studio Version 16
VisualStudioVersion = 16.0.29609.76
MinimumVisualStudioVersion = 10.0.40219.1
Project("{FAE04EC0-301F-11D3-BF4B-00C04F79EFBC}") = "LinkedList", "LinkedList.csproj", "{91058615-19C8-4380-A067-9DFEDC2AC4C4}"
EndProject
Global
	GlobalSection(SolutionConfigurationPlatforms) = preSolution
		Debug|Any CPU = Debug|Any CPU
		Release|Any CPU = Release|Any CPU
	EndGlobalSection
	GlobalSection(ProjectConfigurationPlatforms) = postSolution
		{91058615-19C8-4380-A067-9DFEDC2AC4C4}.Debug|Any CPU.ActiveCfg = Debug|Any CPU
		{91058615-19C8-4380-A067-9DFEDC2AC4C4}.Debug|Any CPU.Build.0 = Debug|Any CPU
		{91058615-19C8-4380-A067-9DFEDC2AC4C4}.Release|Any CPU.ActiveCfg = Release|Any CPU
		{91058615-19C8-4380-A067-9DFEDC2AC4C4}.Release|Any CPU.Build.0 = Release|Any CPU
	EndGlobalSection
	GlobalSection(SolutionProperties) = preSolution
		HideSolutionNode = FALSE
	EndGlobalSection
	GlobalSection(ExtensibilityGlobals) = postSolution
		SolutionGuid = {B3C5B3D1-B2DE-4B68-9C14-ABD2E6C2DD5E}
	EndGlobalSection
EndGlobal
