
Microsoft Visual Studio Solution File, Format Version 12.00
# Visual Studio Version 16
VisualStudioVersion = 16.0.29609.76
MinimumVisualStudioVersion = 10.0.40219.1
Project("{FAE04EC0-301F-11D3-BF4B-00C04F79EFBC}") = "Observer", "Observer.csproj", "{3AA28426-B01D-44FD-A5F6-CBFD3C9BCE6F}"
EndProject
Global
	GlobalSection(SolutionConfigurationPlatforms) = preSolution
		Debug|Any CPU = Debug|Any CPU
		Release|Any CPU = Release|Any CPU
	EndGlobalSection
	GlobalSection(ProjectConfigurationPlatforms) = postSolution
		{3AA28426-B01D-44FD-A5F6-CBFD3C9BCE6F}.Debug|Any CPU.ActiveCfg = Debug|Any CPU
		{3AA28426-B01D-44FD-A5F6-CBFD3C9BCE6F}.Debug|Any CPU.Build.0 = Debug|Any CPU
		{3AA28426-B01D-44FD-A5F6-CBFD3C9BCE6F}.Release|Any CPU.ActiveCfg = Release|Any CPU
		{3AA28426-B01D-44FD-A5F6-CBFD3C9BCE6F}.Release|Any CPU.Build.0 = Release|Any CPU
	EndGlobalSection
	GlobalSection(SolutionProperties) = preSolution
		HideSolutionNode = FALSE
	EndGlobalSection
	GlobalSection(ExtensibilityGlobals) = postSolution
		SolutionGuid = {7D4ED40C-B368-4CDD-BE29-FEFC3953884C}
	EndGlobalSection
EndGlobal
