
Microsoft Visual Studio Solution File, Format Version 12.00
# Visual Studio Version 16
VisualStudioVersion = 16.0.29609.76
MinimumVisualStudioVersion = 10.0.40219.1
Project("{FAE04EC0-301F-11D3-BF4B-00C04F79EFBC}") = "Bridge", "Bridge.csproj", "{B91E9C06-1BD5-4D91-8CDE-AE3C51AA4B1E}"
EndProject
Global
	GlobalSection(SolutionConfigurationPlatforms) = preSolution
		Debug|Any CPU = Debug|Any CPU
		Release|Any CPU = Release|Any CPU
	EndGlobalSection
	GlobalSection(ProjectConfigurationPlatforms) = postSolution
		{B91E9C06-1BD5-4D91-8CDE-AE3C51AA4B1E}.Debug|Any CPU.ActiveCfg = Debug|Any CPU
		{B91E9C06-1BD5-4D91-8CDE-AE3C51AA4B1E}.Debug|Any CPU.Build.0 = Debug|Any CPU
		{B91E9C06-1BD5-4D91-8CDE-AE3C51AA4B1E}.Release|Any CPU.ActiveCfg = Release|Any CPU
		{B91E9C06-1BD5-4D91-8CDE-AE3C51AA4B1E}.Release|Any CPU.Build.0 = Release|Any CPU
	EndGlobalSection
	GlobalSection(SolutionProperties) = preSolution
		HideSolutionNode = FALSE
	EndGlobalSection
	GlobalSection(ExtensibilityGlobals) = postSolution
		SolutionGuid = {2B7CF75E-5FE1-4F2E-ABE5-9D806EA2A9B1}
	EndGlobalSection
EndGlobal
