
Microsoft Visual Studio Solution File, Format Version 12.00
# Visual Studio Version 16
VisualStudioVersion = 16.0.29609.76
MinimumVisualStudioVersion = 10.0.40219.1
Project("{FAE04EC0-301F-11D3-BF4B-00C04F79EFBC}") = "FactoryMethod", "FactoryMethod.csproj", "{7413E239-2CB0-4D5F-824A-2DFACE819517}"
EndProject
Global
	GlobalSection(SolutionConfigurationPlatforms) = preSolution
		Debug|Any CPU = Debug|Any CPU
		Release|Any CPU = Release|Any CPU
	EndGlobalSection
	GlobalSection(ProjectConfigurationPlatforms) = postSolution
		{7413E239-2CB0-4D5F-824A-2DFACE819517}.Debug|Any CPU.ActiveCfg = Debug|Any CPU
		{7413E239-2CB0-4D5F-824A-2DFACE819517}.Debug|Any CPU.Build.0 = Debug|Any CPU
		{7413E239-2CB0-4D5F-824A-2DFACE819517}.Release|Any CPU.ActiveCfg = Release|Any CPU
		{7413E239-2CB0-4D5F-824A-2DFACE819517}.Release|Any CPU.Build.0 = Release|Any CPU
	EndGlobalSection
	GlobalSection(SolutionProperties) = preSolution
		HideSolutionNode = FALSE
	EndGlobalSection
	GlobalSection(ExtensibilityGlobals) = postSolution
		SolutionGuid = {A409474C-3C29-46F8-BB69-21E57D97AC33}
	EndGlobalSection
EndGlobal
