
Microsoft Visual Studio Solution File, Format Version 12.00
# Visual Studio Version 16
VisualStudioVersion = 16.0.29609.76
MinimumVisualStudioVersion = 10.0.40219.1
Project("{FAE04EC0-301F-11D3-BF4B-00C04F79EFBC}") = "Facade", "Facade.csproj", "{8BAC4C0F-6391-43C2-8AB3-D7D78B78AAB5}"
EndProject
Global
	GlobalSection(SolutionConfigurationPlatforms) = preSolution
		Debug|Any CPU = Debug|Any CPU
		Release|Any CPU = Release|Any CPU
	EndGlobalSection
	GlobalSection(ProjectConfigurationPlatforms) = postSolution
		{8BAC4C0F-6391-43C2-8AB3-D7D78B78AAB5}.Debug|Any CPU.ActiveCfg = Debug|Any CPU
		{8BAC4C0F-6391-43C2-8AB3-D7D78B78AAB5}.Debug|Any CPU.Build.0 = Debug|Any CPU
		{8BAC4C0F-6391-43C2-8AB3-D7D78B78AAB5}.Release|Any CPU.ActiveCfg = Release|Any CPU
		{8BAC4C0F-6391-43C2-8AB3-D7D78B78AAB5}.Release|Any CPU.Build.0 = Release|Any CPU
	EndGlobalSection
	GlobalSection(SolutionProperties) = preSolution
		HideSolutionNode = FALSE
	EndGlobalSection
	GlobalSection(ExtensibilityGlobals) = postSolution
		SolutionGuid = {8F73921D-695E-4D5B-AB00-AD04FC6F0F33}
	EndGlobalSection
EndGlobal
