
Microsoft Visual Studio Solution File, Format Version 12.00
# Visual Studio Version 16
VisualStudioVersion = 16.0.29609.76
MinimumVisualStudioVersion = 10.0.40219.1
Project("{FAE04EC0-301F-11D3-BF4B-00C04F79EFBC}") = "Singleton", "Singleton.csproj", "{95C51843-549E-4257-9221-1375A28D2CFC}"
EndProject
Global
	GlobalSection(SolutionConfigurationPlatforms) = preSolution
		Debug|Any CPU = Debug|Any CPU
		Release|Any CPU = Release|Any CPU
	EndGlobalSection
	GlobalSection(ProjectConfigurationPlatforms) = postSolution
		{95C51843-549E-4257-9221-1375A28D2CFC}.Debug|Any CPU.ActiveCfg = Debug|Any CPU
		{95C51843-549E-4257-9221-1375A28D2CFC}.Debug|Any CPU.Build.0 = Debug|Any CPU
		{95C51843-549E-4257-9221-1375A28D2CFC}.Release|Any CPU.ActiveCfg = Release|Any CPU
		{95C51843-549E-4257-9221-1375A28D2CFC}.Release|Any CPU.Build.0 = Release|Any CPU
	EndGlobalSection
	GlobalSection(SolutionProperties) = preSolution
		HideSolutionNode = FALSE
	EndGlobalSection
	GlobalSection(ExtensibilityGlobals) = postSolution
		SolutionGuid = {A601F27C-046A-4271-A0A1-9E29AE7F1282}
	EndGlobalSection
EndGlobal
