
Microsoft Visual Studio Solution File, Format Version 12.00
Project("{FAE04EC0-301F-11D3-BF4B-00C04F79EFBC}") = "SieveOfEratosthenes", "SieveOfEratosthenes.csproj", "{39EE58B8-8E6F-44A7-8053-1485A8398366}"
EndProject
Project("{FAE04EC0-301F-11D3-BF4B-00C04F79EFBC}") = "SieveUI", "..\SieveUI\SieveUI.csproj", "{3765AE1F-333C-4BA7-B191-06E0C7FCEAB8}"
EndProject
Global
	GlobalSection(SolutionConfigurationPlatforms) = preSolution
		Debug|Any CPU = Debug|Any CPU
		Release|Any CPU = Release|Any CPU
	EndGlobalSection
	GlobalSection(ProjectConfigurationPlatforms) = postSolution
		{39EE58B8-8E6F-44A7-8053-1485A8398366}.Debug|Any CPU.ActiveCfg = Debug|Any CPU
		{39EE58B8-8E6F-44A7-8053-1485A8398366}.Debug|Any CPU.Build.0 = Debug|Any CPU
		{39EE58B8-8E6F-44A7-8053-1485A8398366}.Release|Any CPU.ActiveCfg = Release|Any CPU
		{39EE58B8-8E6F-44A7-8053-1485A8398366}.Release|Any CPU.Build.0 = Release|Any CPU
		{3765AE1F-333C-4BA7-B191-06E0C7FCEAB8}.Debug|Any CPU.ActiveCfg = Debug|Any CPU
		{3765AE1F-333C-4BA7-B191-06E0C7FCEAB8}.Debug|Any CPU.Build.0 = Debug|Any CPU
		{3765AE1F-333C-4BA7-B191-06E0C7FCEAB8}.Release|Any CPU.ActiveCfg = Release|Any CPU
		{3765AE1F-333C-4BA7-B191-06E0C7FCEAB8}.Release|Any CPU.Build.0 = Release|Any CPU
	EndGlobalSection
EndGlobal
