
Microsoft Visual Studio Solution File, Format Version 12.00
# Visual Studio Version 16
VisualStudioVersion = 16.0.29609.76
MinimumVisualStudioVersion = 10.0.40219.1
Project("{FAE04EC0-301F-11D3-BF4B-00C04F79EFBC}") = "Dictionary", "Dictionary.csproj", "{BD946AF7-A3E7-449A-9458-A40D08E2D0AA}"
EndProject
Global
	GlobalSection(SolutionConfigurationPlatforms) = preSolution
		Debug|Any CPU = Debug|Any CPU
		Release|Any CPU = Release|Any CPU
	EndGlobalSection
	GlobalSection(ProjectConfigurationPlatforms) = postSolution
		{BD946AF7-A3E7-449A-9458-A40D08E2D0AA}.Debug|Any CPU.ActiveCfg = Debug|Any CPU
		{BD946AF7-A3E7-449A-9458-A40D08E2D0AA}.Debug|Any CPU.Build.0 = Debug|Any CPU
		{BD946AF7-A3E7-449A-9458-A40D08E2D0AA}.Release|Any CPU.ActiveCfg = Release|Any CPU
		{BD946AF7-A3E7-449A-9458-A40D08E2D0AA}.Release|Any CPU.Build.0 = Release|Any CPU
	EndGlobalSection
	GlobalSection(SolutionProperties) = preSolution
		HideSolutionNode = FALSE
	EndGlobalSection
	GlobalSection(ExtensibilityGlobals) = postSolution
		SolutionGuid = {876338DE-FF96-463C-8873-745EB1B2CEEC}
	EndGlobalSection
EndGlobal
