
Microsoft Visual Studio Solution File, Format Version 12.00
# Visual Studio Version 16
VisualStudioVersion = 16.0.29911.84
MinimumVisualStudioVersion = 10.0.40219.1
Project("{FAE04EC0-301F-11D3-BF4B-00C04F79EFBC}") = "DataMapperPattern", "DataMapperPattern.csproj", "{2263B41C-D5A1-4A50-8D24-BC4EF80CC048}"
EndProject
Global
	GlobalSection(SolutionConfigurationPlatforms) = preSolution
		Debug|Any CPU = Debug|Any CPU
		Release|Any CPU = Release|Any CPU
	EndGlobalSection
	GlobalSection(ProjectConfigurationPlatforms) = postSolution
		{2263B41C-D5A1-4A50-8D24-BC4EF80CC048}.Debug|Any CPU.ActiveCfg = Debug|Any CPU
		{2263B41C-D5A1-4A50-8D24-BC4EF80CC048}.Debug|Any CPU.Build.0 = Debug|Any CPU
		{2263B41C-D5A1-4A50-8D24-BC4EF80CC048}.Release|Any CPU.ActiveCfg = Release|Any CPU
		{2263B41C-D5A1-4A50-8D24-BC4EF80CC048}.Release|Any CPU.Build.0 = Release|Any CPU
	EndGlobalSection
	GlobalSection(SolutionProperties) = preSolution
		HideSolutionNode = FALSE
	EndGlobalSection
	GlobalSection(ExtensibilityGlobals) = postSolution
		SolutionGuid = {B1F222C6-1F9B-43BA-86CF-CDD535D3CD2F}
	EndGlobalSection
EndGlobal
