
Microsoft Visual Studio Solution File, Format Version 12.00
Project("{FAE04EC0-301F-11D3-BF4B-00C04F79EFBC}") = "TreeLibrary", "TreeLibrary.csproj", "{6FD83339-F61F-42AE-8BD9-82C2E5BF815B}"
EndProject
Global
	GlobalSection(SolutionConfigurationPlatforms) = preSolution
		Debug|Any CPU = Debug|Any CPU
		Release|Any CPU = Release|Any CPU
	EndGlobalSection
	GlobalSection(ProjectConfigurationPlatforms) = postSolution
		{6FD83339-F61F-42AE-8BD9-82C2E5BF815B}.Debug|Any CPU.ActiveCfg = Debug|Any CPU
		{6FD83339-F61F-42AE-8BD9-82C2E5BF815B}.Debug|Any CPU.Build.0 = Debug|Any CPU
		{6FD83339-F61F-42AE-8BD9-82C2E5BF815B}.Release|Any CPU.ActiveCfg = Release|Any CPU
		{6FD83339-F61F-42AE-8BD9-82C2E5BF815B}.Release|Any CPU.Build.0 = Release|Any CPU
	EndGlobalSection
EndGlobal
