
Microsoft Visual Studio Solution File, Format Version 12.00
Project("{FAE04EC0-301F-11D3-BF4B-00C04F79EFBC}") = "ClosesPairProblem", "ClosesPairProblem.csproj", "{66098971-F53D-4F7F-8F1D-971018C6D1A0}"
EndProject
Global
	GlobalSection(SolutionConfigurationPlatforms) = preSolution
		Debug|Any CPU = Debug|Any CPU
		Release|Any CPU = Release|Any CPU
	EndGlobalSection
	GlobalSection(ProjectConfigurationPlatforms) = postSolution
		{66098971-F53D-4F7F-8F1D-971018C6D1A0}.Debug|Any CPU.ActiveCfg = Debug|Any CPU
		{66098971-F53D-4F7F-8F1D-971018C6D1A0}.Debug|Any CPU.Build.0 = Debug|Any CPU
		{66098971-F53D-4F7F-8F1D-971018C6D1A0}.Release|Any CPU.ActiveCfg = Release|Any CPU
		{66098971-F53D-4F7F-8F1D-971018C6D1A0}.Release|Any CPU.Build.0 = Release|Any CPU
	EndGlobalSection
EndGlobal
