
Microsoft Visual Studio Solution File, Format Version 12.00
# Visual Studio Version 16
VisualStudioVersion = 16.0.29806.167
MinimumVisualStudioVersion = 10.0.40219.1
Project("{FAE04EC0-301F-11D3-BF4B-00C04F79EFBC}") = "GenericList", "GenericList.csproj", "{16BF0AE4-F59D-481D-8B45-B45660CFE598}"
EndProject
Global
	GlobalSection(SolutionConfigurationPlatforms) = preSolution
		Debug|Any CPU = Debug|Any CPU
		Release|Any CPU = Release|Any CPU
	EndGlobalSection
	GlobalSection(ProjectConfigurationPlatforms) = postSolution
		{16BF0AE4-F59D-481D-8B45-B45660CFE598}.Debug|Any CPU.ActiveCfg = Debug|Any CPU
		{16BF0AE4-F59D-481D-8B45-B45660CFE598}.Debug|Any CPU.Build.0 = Debug|Any CPU
		{16BF0AE4-F59D-481D-8B45-B45660CFE598}.Release|Any CPU.ActiveCfg = Release|Any CPU
		{16BF0AE4-F59D-481D-8B45-B45660CFE598}.Release|Any CPU.Build.0 = Release|Any CPU
	EndGlobalSection
	GlobalSection(SolutionProperties) = preSolution
		HideSolutionNode = FALSE
	EndGlobalSection
	GlobalSection(ExtensibilityGlobals) = postSolution
		SolutionGuid = {DD188CCA-FCED-4AAA-9236-848B1C0F21BC}
	EndGlobalSection
EndGlobal
