
Microsoft Visual Studio Solution File, Format Version 12.00
# Visual Studio Version 16
VisualStudioVersion = 16.0.30002.166
MinimumVisualStudioVersion = 10.0.40219.1
Project("{9A19103F-16F7-4668-BE54-9A1E7A4F7556}") = "DVDRentalStore", "DVDRentalStore.csproj", "{91BEFB57-7F01-4D8A-872D-5D7CA4C10998}"
EndProject
Global
	GlobalSection(SolutionConfigurationPlatforms) = preSolution
		Debug|Any CPU = Debug|Any CPU
		Release|Any CPU = Release|Any CPU
	EndGlobalSection
	GlobalSection(ProjectConfigurationPlatforms) = postSolution
		{91BEFB57-7F01-4D8A-872D-5D7CA4C10998}.Debug|Any CPU.ActiveCfg = Debug|Any CPU
		{91BEFB57-7F01-4D8A-872D-5D7CA4C10998}.Debug|Any CPU.Build.0 = Debug|Any CPU
		{91BEFB57-7F01-4D8A-872D-5D7CA4C10998}.Release|Any CPU.ActiveCfg = Release|Any CPU
		{91BEFB57-7F01-4D8A-872D-5D7CA4C10998}.Release|Any CPU.Build.0 = Release|Any CPU
	EndGlobalSection
	GlobalSection(SolutionProperties) = preSolution
		HideSolutionNode = FALSE
	EndGlobalSection
	GlobalSection(ExtensibilityGlobals) = postSolution
		SolutionGuid = {6EED6609-342E-4C51-ADF6-EB5B2799F3DD}
	EndGlobalSection
EndGlobal
