
Microsoft Visual Studio Solution File, Format Version 12.00
# Visual Studio Version 16
VisualStudioVersion = 16.0.29609.76
MinimumVisualStudioVersion = 10.0.40219.1
Project("{FAE04EC0-301F-11D3-BF4B-00C04F79EFBC}") = "Strategy", "Strategy.csproj", "{9B23CEBA-7351-4DC6-80F4-67E644288EBA}"
EndProject
Global
	GlobalSection(SolutionConfigurationPlatforms) = preSolution
		Debug|Any CPU = Debug|Any CPU
		Release|Any CPU = Release|Any CPU
	EndGlobalSection
	GlobalSection(ProjectConfigurationPlatforms) = postSolution
		{9B23CEBA-7351-4DC6-80F4-67E644288EBA}.Debug|Any CPU.ActiveCfg = Debug|Any CPU
		{9B23CEBA-7351-4DC6-80F4-67E644288EBA}.Debug|Any CPU.Build.0 = Debug|Any CPU
		{9B23CEBA-7351-4DC6-80F4-67E644288EBA}.Release|Any CPU.ActiveCfg = Release|Any CPU
		{9B23CEBA-7351-4DC6-80F4-67E644288EBA}.Release|Any CPU.Build.0 = Release|Any CPU
	EndGlobalSection
	GlobalSection(SolutionProperties) = preSolution
		HideSolutionNode = FALSE
	EndGlobalSection
	GlobalSection(ExtensibilityGlobals) = postSolution
		SolutionGuid = {E4D7BD43-C053-4E20-B50D-973C4B93A1DA}
	EndGlobalSection
EndGlobal
