
Microsoft Visual Studio Solution File, Format Version 12.00
# Visual Studio Version 16
VisualStudioVersion = 16.0.29806.167
MinimumVisualStudioVersion = 10.0.40219.1
Project("{FAE04EC0-301F-11D3-BF4B-00C04F79EFBC}") = "Assignments_7", "Assignments_7.csproj", "{8D495204-FC49-4C17-A28F-EACA65322FC9}"
EndProject
Project("{FAE04EC0-301F-11D3-BF4B-00C04F79EFBC}") = "TicTacToeConsoleUI", "TicTacToeConsoleUI\TicTacToeConsoleUI.csproj", "{6E1D81F6-4829-4C3A-ACEC-EBC0FBFD3628}"
EndProject
Global
	GlobalSection(SolutionConfigurationPlatforms) = preSolution
		Debug|Any CPU = Debug|Any CPU
		Release|Any CPU = Release|Any CPU
	EndGlobalSection
	GlobalSection(ProjectConfigurationPlatforms) = postSolution
		{8D495204-FC49-4C17-A28F-EACA65322FC9}.Debug|Any CPU.ActiveCfg = Debug|Any CPU
		{8D495204-FC49-4C17-A28F-EACA65322FC9}.Debug|Any CPU.Build.0 = Debug|Any CPU
		{8D495204-FC49-4C17-A28F-EACA65322FC9}.Release|Any CPU.ActiveCfg = Release|Any CPU
		{8D495204-FC49-4C17-A28F-EACA65322FC9}.Release|Any CPU.Build.0 = Release|Any CPU
		{6E1D81F6-4829-4C3A-ACEC-EBC0FBFD3628}.Debug|Any CPU.ActiveCfg = Debug|Any CPU
		{6E1D81F6-4829-4C3A-ACEC-EBC0FBFD3628}.Debug|Any CPU.Build.0 = Debug|Any CPU
		{6E1D81F6-4829-4C3A-ACEC-EBC0FBFD3628}.Release|Any CPU.ActiveCfg = Release|Any CPU
		{6E1D81F6-4829-4C3A-ACEC-EBC0FBFD3628}.Release|Any CPU.Build.0 = Release|Any CPU
	EndGlobalSection
	GlobalSection(SolutionProperties) = preSolution
		HideSolutionNode = FALSE
	EndGlobalSection
	GlobalSection(ExtensibilityGlobals) = postSolution
		SolutionGuid = {D80CA7C0-497C-4F1B-9476-0A96F96B4323}
	EndGlobalSection
EndGlobal
