
Microsoft Visual Studio Solution File, Format Version 12.00
# Visual Studio Version 16
VisualStudioVersion = 16.0.29806.167
MinimumVisualStudioVersion = 10.0.40219.1
Project("{FAE04EC0-301F-11D3-BF4B-00C04F79EFBC}") = "Assignments_6", "Assignments_6.csproj", "{5A013E5C-AE80-4789-8F9A-1C4B3786A0FE}"
EndProject
Global
	GlobalSection(SolutionConfigurationPlatforms) = preSolution
		Debug|Any CPU = Debug|Any CPU
		Release|Any CPU = Release|Any CPU
	EndGlobalSection
	GlobalSection(ProjectConfigurationPlatforms) = postSolution
		{5A013E5C-AE80-4789-8F9A-1C4B3786A0FE}.Debug|Any CPU.ActiveCfg = Debug|Any CPU
		{5A013E5C-AE80-4789-8F9A-1C4B3786A0FE}.Debug|Any CPU.Build.0 = Debug|Any CPU
		{5A013E5C-AE80-4789-8F9A-1C4B3786A0FE}.Release|Any CPU.ActiveCfg = Release|Any CPU
		{5A013E5C-AE80-4789-8F9A-1C4B3786A0FE}.Release|Any CPU.Build.0 = Release|Any CPU
	EndGlobalSection
	GlobalSection(SolutionProperties) = preSolution
		HideSolutionNode = FALSE
	EndGlobalSection
	GlobalSection(ExtensibilityGlobals) = postSolution
		SolutionGuid = {C58D5E9D-F00A-4CA9-840B-89CF882A16CB}
	EndGlobalSection
EndGlobal
