
Microsoft Visual Studio Solution File, Format Version 12.00
# Visual Studio Version 16
VisualStudioVersion = 16.0.29609.76
MinimumVisualStudioVersion = 10.0.40219.1
Project("{FAE04EC0-301F-11D3-BF4B-00C04F79EFBC}") = "Decorator", "Decorator.csproj", "{586BE430-AC64-47FD-A7DE-0A071B72A97F}"
EndProject
Global
	GlobalSection(SolutionConfigurationPlatforms) = preSolution
		Debug|Any CPU = Debug|Any CPU
		Release|Any CPU = Release|Any CPU
	EndGlobalSection
	GlobalSection(ProjectConfigurationPlatforms) = postSolution
		{586BE430-AC64-47FD-A7DE-0A071B72A97F}.Debug|Any CPU.ActiveCfg = Debug|Any CPU
		{586BE430-AC64-47FD-A7DE-0A071B72A97F}.Debug|Any CPU.Build.0 = Debug|Any CPU
		{586BE430-AC64-47FD-A7DE-0A071B72A97F}.Release|Any CPU.ActiveCfg = Release|Any CPU
		{586BE430-AC64-47FD-A7DE-0A071B72A97F}.Release|Any CPU.Build.0 = Release|Any CPU
	EndGlobalSection
	GlobalSection(SolutionProperties) = preSolution
		HideSolutionNode = FALSE
	EndGlobalSection
	GlobalSection(ExtensibilityGlobals) = postSolution
		SolutionGuid = {280A7774-AE07-4299-8587-A3FB0E1F9AA9}
	EndGlobalSection
EndGlobal
