
Microsoft Visual Studio Solution File, Format Version 12.00
# Visual Studio Version 16
VisualStudioVersion = 16.0.29911.84
MinimumVisualStudioVersion = 10.0.40219.1
Project("{FAE04EC0-301F-11D3-BF4B-00C04F79EFBC}") = "Linq", "Linq.csproj", "{89106AD6-9FD5-468A-92B8-31172A61806C}"
EndProject
Global
	GlobalSection(SolutionConfigurationPlatforms) = preSolution
		Debug|Any CPU = Debug|Any CPU
		Release|Any CPU = Release|Any CPU
	EndGlobalSection
	GlobalSection(ProjectConfigurationPlatforms) = postSolution
		{89106AD6-9FD5-468A-92B8-31172A61806C}.Debug|Any CPU.ActiveCfg = Debug|Any CPU
		{89106AD6-9FD5-468A-92B8-31172A61806C}.Debug|Any CPU.Build.0 = Debug|Any CPU
		{89106AD6-9FD5-468A-92B8-31172A61806C}.Release|Any CPU.ActiveCfg = Release|Any CPU
		{89106AD6-9FD5-468A-92B8-31172A61806C}.Release|Any CPU.Build.0 = Release|Any CPU
	EndGlobalSection
	GlobalSection(SolutionProperties) = preSolution
		HideSolutionNode = FALSE
	EndGlobalSection
	GlobalSection(ExtensibilityGlobals) = postSolution
		SolutionGuid = {8BFA9DBD-DA2C-4CA7-B49F-5341CCC61000}
	EndGlobalSection
EndGlobal
