
Microsoft Visual Studio Solution File, Format Version 12.00
# Visual Studio Version 16
VisualStudioVersion = 16.0.29609.76
MinimumVisualStudioVersion = 10.0.40219.1
Project("{FAE04EC0-301F-11D3-BF4B-00C04F79EFBC}") = "PolynomialFunctions", "PolynomialFunctions.csproj", "{03900B1E-6017-4421-B2A4-2D13617C1026}"
EndProject
Global
	GlobalSection(SolutionConfigurationPlatforms) = preSolution
		Debug|Any CPU = Debug|Any CPU
		Release|Any CPU = Release|Any CPU
	EndGlobalSection
	GlobalSection(ProjectConfigurationPlatforms) = postSolution
		{03900B1E-6017-4421-B2A4-2D13617C1026}.Debug|Any CPU.ActiveCfg = Debug|Any CPU
		{03900B1E-6017-4421-B2A4-2D13617C1026}.Debug|Any CPU.Build.0 = Debug|Any CPU
		{03900B1E-6017-4421-B2A4-2D13617C1026}.Release|Any CPU.ActiveCfg = Release|Any CPU
		{03900B1E-6017-4421-B2A4-2D13617C1026}.Release|Any CPU.Build.0 = Release|Any CPU
	EndGlobalSection
	GlobalSection(SolutionProperties) = preSolution
		HideSolutionNode = FALSE
	EndGlobalSection
	GlobalSection(ExtensibilityGlobals) = postSolution
		SolutionGuid = {1383D34C-C5FA-4989-9FE4-131A1A89CAC7}
	EndGlobalSection
EndGlobal
