
Microsoft Visual Studio Solution File, Format Version 12.00
Project("{FAE04EC0-301F-11D3-BF4B-00C04F79EFBC}") = "BinaryTree", "BinaryTree.csproj", "{87CB9FCD-9A77-4054-81B3-BFC5DF46FAB4}"
EndProject
Project("{FAE04EC0-301F-11D3-BF4B-00C04F79EFBC}") = "BinaryTreeUI", "..\BinaryTreeUI\BinaryTreeUI.csproj", "{67F87DF2-E7A4-4B1A-996C-2634CF444A7C}"
EndProject
Global
	GlobalSection(SolutionConfigurationPlatforms) = preSolution
		Debug|Any CPU = Debug|Any CPU
		Release|Any CPU = Release|Any CPU
	EndGlobalSection
	GlobalSection(ProjectConfigurationPlatforms) = postSolution
		{87CB9FCD-9A77-4054-81B3-BFC5DF46FAB4}.Debug|Any CPU.ActiveCfg = Debug|Any CPU
		{87CB9FCD-9A77-4054-81B3-BFC5DF46FAB4}.Debug|Any CPU.Build.0 = Debug|Any CPU
		{87CB9FCD-9A77-4054-81B3-BFC5DF46FAB4}.Release|Any CPU.ActiveCfg = Release|Any CPU
		{87CB9FCD-9A77-4054-81B3-BFC5DF46FAB4}.Release|Any CPU.Build.0 = Release|Any CPU
		{67F87DF2-E7A4-4B1A-996C-2634CF444A7C}.Debug|Any CPU.ActiveCfg = Debug|Any CPU
		{67F87DF2-E7A4-4B1A-996C-2634CF444A7C}.Debug|Any CPU.Build.0 = Debug|Any CPU
		{67F87DF2-E7A4-4B1A-996C-2634CF444A7C}.Release|Any CPU.ActiveCfg = Release|Any CPU
		{67F87DF2-E7A4-4B1A-996C-2634CF444A7C}.Release|Any CPU.Build.0 = Release|Any CPU
	EndGlobalSection
EndGlobal
