
Microsoft Visual Studio Solution File, Format Version 12.00
Project("{FAE04EC0-301F-11D3-BF4B-00C04F79EFBC}") = "DijkstraAlgorithm", "DijkstraAlgorithm.csproj", "{63ABAE23-EC60-4AFD-AB78-1EB3C6153C6E}"
EndProject
Project("{FAE04EC0-301F-11D3-BF4B-00C04F79EFBC}") = "DijkstraUI", "..\DijkstraUI\DijkstraUI.csproj", "{1FF8AD3A-8143-4DC3-832F-63891A62A6AD}"
EndProject
Global
	GlobalSection(SolutionConfigurationPlatforms) = preSolution
		Debug|Any CPU = Debug|Any CPU
		Release|Any CPU = Release|Any CPU
	EndGlobalSection
	GlobalSection(ProjectConfigurationPlatforms) = postSolution
		{63ABAE23-EC60-4AFD-AB78-1EB3C6153C6E}.Debug|Any CPU.ActiveCfg = Debug|Any CPU
		{63ABAE23-EC60-4AFD-AB78-1EB3C6153C6E}.Debug|Any CPU.Build.0 = Debug|Any CPU
		{63ABAE23-EC60-4AFD-AB78-1EB3C6153C6E}.Release|Any CPU.ActiveCfg = Release|Any CPU
		{63ABAE23-EC60-4AFD-AB78-1EB3C6153C6E}.Release|Any CPU.Build.0 = Release|Any CPU
		{1FF8AD3A-8143-4DC3-832F-63891A62A6AD}.Debug|Any CPU.ActiveCfg = Debug|Any CPU
		{1FF8AD3A-8143-4DC3-832F-63891A62A6AD}.Debug|Any CPU.Build.0 = Debug|Any CPU
		{1FF8AD3A-8143-4DC3-832F-63891A62A6AD}.Release|Any CPU.ActiveCfg = Release|Any CPU
		{1FF8AD3A-8143-4DC3-832F-63891A62A6AD}.Release|Any CPU.Build.0 = Release|Any CPU
	EndGlobalSection
EndGlobal
