
Microsoft Visual Studio Solution File, Format Version 12.00
# Visual Studio Version 16
VisualStudioVersion = 16.0.29609.76
MinimumVisualStudioVersion = 10.0.40219.1
Project("{FAE04EC0-301F-11D3-BF4B-00C04F79EFBC}") = "MonteCarloMethod", "MonteCarloMethod.csproj", "{31FCF4B7-BC46-4F64-9E1F-449BC06BBCBC}"
EndProject
Global
	GlobalSection(SolutionConfigurationPlatforms) = preSolution
		Debug|Any CPU = Debug|Any CPU
		Release|Any CPU = Release|Any CPU
	EndGlobalSection
	GlobalSection(ProjectConfigurationPlatforms) = postSolution
		{31FCF4B7-BC46-4F64-9E1F-449BC06BBCBC}.Debug|Any CPU.ActiveCfg = Debug|Any CPU
		{31FCF4B7-BC46-4F64-9E1F-449BC06BBCBC}.Debug|Any CPU.Build.0 = Debug|Any CPU
		{31FCF4B7-BC46-4F64-9E1F-449BC06BBCBC}.Release|Any CPU.ActiveCfg = Release|Any CPU
		{31FCF4B7-BC46-4F64-9E1F-449BC06BBCBC}.Release|Any CPU.Build.0 = Release|Any CPU
	EndGlobalSection
	GlobalSection(SolutionProperties) = preSolution
		HideSolutionNode = FALSE
	EndGlobalSection
	GlobalSection(ExtensibilityGlobals) = postSolution
		SolutionGuid = {A05CD8C0-5160-4BF8-97A7-23CB0A23FF51}
	EndGlobalSection
EndGlobal
