
Microsoft Visual Studio Solution File, Format Version 12.00
# Visual Studio Version 16
VisualStudioVersion = 16.0.29609.76
MinimumVisualStudioVersion = 10.0.40219.1
Project("{FAE04EC0-301F-11D3-BF4B-00C04F79EFBC}") = "Composite", "Composite.csproj", "{34CB8AE1-F305-46BD-A759-643AB3D77AE4}"
EndProject
Global
	GlobalSection(SolutionConfigurationPlatforms) = preSolution
		Debug|Any CPU = Debug|Any CPU
		Release|Any CPU = Release|Any CPU
	EndGlobalSection
	GlobalSection(ProjectConfigurationPlatforms) = postSolution
		{34CB8AE1-F305-46BD-A759-643AB3D77AE4}.Debug|Any CPU.ActiveCfg = Debug|Any CPU
		{34CB8AE1-F305-46BD-A759-643AB3D77AE4}.Debug|Any CPU.Build.0 = Debug|Any CPU
		{34CB8AE1-F305-46BD-A759-643AB3D77AE4}.Release|Any CPU.ActiveCfg = Release|Any CPU
		{34CB8AE1-F305-46BD-A759-643AB3D77AE4}.Release|Any CPU.Build.0 = Release|Any CPU
	EndGlobalSection
	GlobalSection(SolutionProperties) = preSolution
		HideSolutionNode = FALSE
	EndGlobalSection
	GlobalSection(ExtensibilityGlobals) = postSolution
		SolutionGuid = {8D5D29CE-D142-48BD-B51E-B1D35AE8F1F0}
	EndGlobalSection
EndGlobal
